# This file is autogenerated, do not edit; changes may be undone by the next 'dep ensure'.


[[projects]]
  name = "github.com/aws/aws-sdk-go"
  packages = ["aws","aws/awserr","aws/awsutil","aws/client","aws/client/metadata","aws/corehandlers","aws/credentials","aws/credentials/ec2rolecreds","aws/credentials/endpointcreds","aws/credentials/stscreds","aws/defaults","aws/ec2metadata","aws/endpoints","aws/request","aws/session","aws/signer/v4","internal/sdkio","internal/sdkrand","internal/shareddefaults","private/protocol","private/protocol/json/jsonutil","private/protocol/jsonrpc","private/protocol/query","private/protocol/query/queryutil","private/protocol/rest","private/protocol/xml/xmlutil","service/dynamodb","service/dynamodb/dynamodbiface","service/ecr","service/ecr/ecriface","service/sts"]
  revision = "f5c8a41f9fdc0f1b615a0f4899b88694ac2c509c"
  version = "v1.13.55"

[[projects]]
  name = "github.com/davecgh/go-spew"
  packages = ["spew"]
  revision = "346938d642f2ec3594ed81d874461961cd0faa76"
  version = "v1.1.0"

[[projects]]
  name = "github.com/go-ini/ini"
  packages = ["."]
  revision = "6529cf7c58879c08d927016dde4477f18a0634cb"
  version = "v1.36.0"

[[projects]]
  name = "github.com/golang/mock"
  packages = ["gomock"]
  revision = "c34cdb4725f4c3844d095133c6e40e448b86589b"
  version = "v1.1.1"

[[projects]]
  name = "github.com/jmespath/go-jmespath"
  packages = ["."]
  revision = "0b12d6b5"

[[projects]]
  name = "github.com/pmezard/go-difflib"
  packages = ["difflib"]
  revision = "792786c7400a136282c1664665ae0a8db921c6c2"
  version = "v1.0.0"

[[projects]]
  name = "github.com/stretchr/testify"
  packages = ["assert"]
  revision = "12b6f73e6084dad08a7c6e575284b177ecafbc71"
  version = "v1.2.1"

[[projects]]
  name = "github.com/urfave/cli"
  packages = ["."]
  revision = "cfb38830724cc34fedffe9a2a29fb54fa9169cd1"
  version = "v1.20.0"

[[projects]]
  branch = "master"
  name = "github.com/zpatrick/fireball"
  packages = ["."]
  revision = "ba90075a192d4e3d645bc6b090d0bee35bde0feb"

[[projects]]
  branch = "master"
  name = "github.com/zpatrick/go-bytesize"
  packages = ["."]
  revision = "40b68ac70b6ad801369c8de9df588ffa5b9b4275"

[[projects]]
  branch = "master"
  name = "github.com/zpatrick/go-cache"
  packages = ["."]
  revision = "93cff70c1ab05a31fc0545db618869eb92d21d76"

[[projects]]
  branch = "master"
  name = "github.com/zpatrick/go-plugin-swagger"
  packages = ["."]
  revision = "8aadb0183d3f6e1f700dd06dbc1bdaeb92283f65"

[[projects]]
  branch = "master"
  name = "github.com/zpatrick/rclient"
  packages = ["."]
  revision = "8e281dcd539b2c8c180e999c6f97f472d8cbee32"

[[projects]]
  branch = "master"
  name = "golang.org/x/net"
  packages = ["context"]
  revision = "dfa909b99c79129e1100513e5cd36307665e5723"

[solve-meta]
  analyzer-name = "dep"
  analyzer-version = 1
  inputs-digest = "2fd076124df40db19a65fd778d62a122987210fcd96d95e013389bdb0b48daea"
  solver-name = "gps-cdcl"
  solver-version = 1
